
Microsoft Visual Studio Solution File, Format Version 12.00
# Visual Studio 15
VisualStudioVersion = 15.0.26730.16
MinimumVisualStudioVersion = 10.0.40219.1
Project("{FAE04EC0-301F-11D3-BF4B-00C04F79EFBC}") = "Ankieter", "Ankieter\Ankieter.csproj", "{DE2B9B0A-20DC-4BBA-B28E-8532ADA7ADAF}"
EndProject
Global
	GlobalSection(SolutionConfigurationPlatforms) = preSolution
		Debug|Any CPU = Debug|Any CPU
		Release|Any CPU = Release|Any CPU
	EndGlobalSection
	GlobalSection(ProjectConfigurationPlatforms) = postSolution
		{DE2B9B0A-20DC-4BBA-B28E-8532ADA7ADAF}.Debug|Any CPU.ActiveCfg = Debug|Any CPU
		{DE2B9B0A-20DC-4BBA-B28E-8532ADA7ADAF}.Debug|Any CPU.Build.0 = Debug|Any CPU
		{DE2B9B0A-20DC-4BBA-B28E-8532ADA7ADAF}.Release|Any CPU.ActiveCfg = Release|Any CPU
		{DE2B9B0A-20DC-4BBA-B28E-8532ADA7ADAF}.Release|Any CPU.Build.0 = Release|Any CPU
	EndGlobalSection
	GlobalSection(SolutionProperties) = preSolution
		HideSolutionNode = FALSE
	EndGlobalSection
	GlobalSection(ExtensibilityGlobals) = postSolution
		SolutionGuid = {42465C80-B768-4447-BF4B-BBF6E71CB0FF}
	EndGlobalSection
EndGlobal
